
Microsoft Visual Studio Solution File, Format Version 12.00
# Visual Studio 2013
VisualStudioVersion = 12.0.31101.0
MinimumVisualStudioVersion = 10.0.40219.1
Project("{FAE04EC0-301F-11D3-BF4B-00C04F79EFBC}") = "MClam", "MClam\MClam.csproj", "{5F0B51C1-B724-400E-9794-9A451D42E303}"
EndProject
Project("{FAE04EC0-301F-11D3-BF4B-00C04F79EFBC}") = "MClamDemo", "MClamDemo\MClamDemo.csproj", "{5F60B7E0-8369-41AB-8E29-70ADF97BEBBA}"
EndProject
Project("{7CF6DF6D-3B04-46F8-A40B-537D21BCA0B4}") = "MClamDoc", "MClamDoc\MClamDoc.shfbproj", "{C681FBE8-7447-47F3-A571-3B49C79C245C}"
EndProject
Global
	GlobalSection(SolutionConfigurationPlatforms) = preSolution
		Debug|Any CPU = Debug|Any CPU
		Debug|x64 = Debug|x64
		Debug|x86 = Debug|x86
		Release|Any CPU = Release|Any CPU
		Release|x64 = Release|x64
		Release|x86 = Release|x86
	EndGlobalSection
	GlobalSection(ProjectConfigurationPlatforms) = postSolution
		{5F0B51C1-B724-400E-9794-9A451D42E303}.Debug|Any CPU.ActiveCfg = Debug|x86
		{5F0B51C1-B724-400E-9794-9A451D42E303}.Debug|x64.ActiveCfg = Debug|x64
		{5F0B51C1-B724-400E-9794-9A451D42E303}.Debug|x64.Build.0 = Debug|x64
		{5F0B51C1-B724-400E-9794-9A451D42E303}.Debug|x86.ActiveCfg = Debug|x86
		{5F0B51C1-B724-400E-9794-9A451D42E303}.Debug|x86.Build.0 = Debug|x86
		{5F0B51C1-B724-400E-9794-9A451D42E303}.Release|Any CPU.ActiveCfg = Release|x86
		{5F0B51C1-B724-400E-9794-9A451D42E303}.Release|x64.ActiveCfg = Release|x64
		{5F0B51C1-B724-400E-9794-9A451D42E303}.Release|x64.Build.0 = Release|x64
		{5F0B51C1-B724-400E-9794-9A451D42E303}.Release|x86.ActiveCfg = Release|x86
		{5F0B51C1-B724-400E-9794-9A451D42E303}.Release|x86.Build.0 = Release|x86
		{5F60B7E0-8369-41AB-8E29-70ADF97BEBBA}.Debug|Any CPU.ActiveCfg = Debug|x86
		{5F60B7E0-8369-41AB-8E29-70ADF97BEBBA}.Debug|x64.ActiveCfg = Debug|x64
		{5F60B7E0-8369-41AB-8E29-70ADF97BEBBA}.Debug|x64.Build.0 = Debug|x64
		{5F60B7E0-8369-41AB-8E29-70ADF97BEBBA}.Debug|x86.ActiveCfg = Debug|x86
		{5F60B7E0-8369-41AB-8E29-70ADF97BEBBA}.Debug|x86.Build.0 = Debug|x86
		{5F60B7E0-8369-41AB-8E29-70ADF97BEBBA}.Release|Any CPU.ActiveCfg = Release|x86
		{5F60B7E0-8369-41AB-8E29-70ADF97BEBBA}.Release|x64.ActiveCfg = Release|x64
		{5F60B7E0-8369-41AB-8E29-70ADF97BEBBA}.Release|x64.Build.0 = Release|x64
		{5F60B7E0-8369-41AB-8E29-70ADF97BEBBA}.Release|x86.ActiveCfg = Release|x86
		{5F60B7E0-8369-41AB-8E29-70ADF97BEBBA}.Release|x86.Build.0 = Release|x86
		{C681FBE8-7447-47F3-A571-3B49C79C245C}.Debug|Any CPU.ActiveCfg = Debug|Any CPU
		{C681FBE8-7447-47F3-A571-3B49C79C245C}.Debug|Any CPU.Build.0 = Debug|Any CPU
		{C681FBE8-7447-47F3-A571-3B49C79C245C}.Debug|x64.ActiveCfg = Debug|Any CPU
		{C681FBE8-7447-47F3-A571-3B49C79C245C}.Debug|x86.ActiveCfg = Debug|Any CPU
		{C681FBE8-7447-47F3-A571-3B49C79C245C}.Release|Any CPU.ActiveCfg = Release|Any CPU
		{C681FBE8-7447-47F3-A571-3B49C79C245C}.Release|Any CPU.Build.0 = Release|Any CPU
		{C681FBE8-7447-47F3-A571-3B49C79C245C}.Release|x64.ActiveCfg = Release|Any CPU
		{C681FBE8-7447-47F3-A571-3B49C79C245C}.Release|x86.ActiveCfg = Release|Any CPU
	EndGlobalSection
	GlobalSection(SolutionProperties) = preSolution
		HideSolutionNode = FALSE
	EndGlobalSection
EndGlobal
